dependencies:
- name: postgresql
  repository: https://kubernetes-charts.storage.googleapis.com/
  version: 3.9.5
- name: cassandra
  repository: https://kubernetes-charts-incubator.storage.googleapis.com/
  version: 0.10.5
- name: redis
  repository: https://kubernetes-charts.storage.googleapis.com/
  version: 9.2.2
digest: sha256:bd15a6f5d40c2bbe2f4f0df4c4fa4abe568f430e2be0bf572011e822d9c492f6
generated: 2019-10-04T05:21:48.679457+02:00
